Microsoft Visual Studio Solution File, Format Version 12.00
# Visual Studio 15
VisualStudioVersion = 15.0.26730.16
MinimumVisualStudioVersion = 10.0.40219.1
Project("{F184B08F-C81C-45F6-A57F-5ABD9991F28F}") = "ExorLive.Desktop", "ExorLive.Desktop\ExorLive.Desktop.vbproj", "{504BDA99-040A-41CB-A186-67A306EE7A16}"
EndProject
Project("{FAE04EC0-301F-11D3-BF4B-00C04F79EFBC}") = "ExorLive.Client.WebWrapper", "ExorLive.Client.WebWrapper\ExorLive.Client.WebWrapper.csproj", "{D8CEFDAD-9109-4676-AC60-44428404049B}"
EndProject
Project("{FAE04EC0-301F-11D3-BF4B-00C04F79EFBC}") = "Webpage", "Webpage\Webpage.csproj", "{36662D3E-7FF8-4C6E-937B-8409AC46CE6B}"
	ProjectSection(ProjectDependencies) = postProject
		{66ED6BAF-7B95-486D-B2EC-4C21C59B53AA} = {66ED6BAF-7B95-486D-B2EC-4C21C59B53AA}
	EndProjectSection
EndProject
Project("{2150E333-8FDC-42A3-9474-1A3956D46DE8}") = "Solution Items", "Solution Items", "{7DEA7ACB-2867-44A2-B990-946300CB2C82}"
	ProjectSection(SolutionItems) = preProject
		Readme.md = Readme.md
	EndProjectSection
EndProject
Project("{FAE04EC0-301F-11D3-BF4B-00C04F79EFBC}") = "ExorLiveNamedPipeSampleClient", "ExorLiveNamedPipeSampleClient\ExorLiveNamedPipeSampleClient.csproj", "{56BD6C75-7235-4725-9644-5AB77D3480D4}"
EndProject
Project("{FAE04EC0-301F-11D3-BF4B-00C04F79EFBC}") = "NamedPipeTestServer", "NamedPipeTestServer\NamedPipeTestServer.csproj", "{C68E37EC-BD49-4DE0-85F5-4406DF244DE2}"
EndProject
Project("{930C7802-8A8C-48F9-8165-68863BCCD9DD}") = "SetupProject", "SetupProject\SetupProject.wixproj", "{66ED6BAF-7B95-486D-B2EC-4C21C59B53AA}"
	ProjectSection(ProjectDependencies) = postProject
		{D8CEFDAD-9109-4676-AC60-44428404049B} = {D8CEFDAD-9109-4676-AC60-44428404049B}
	EndProjectSection
EndProject
Global
	GlobalSection(SolutionConfigurationPlatforms) = preSolution
		Debug.Procapita|Any CPU = Debug.Procapita|Any CPU
		Debug|Any CPU = Debug|Any CPU
		Procapita|Any CPU = Procapita|Any CPU
		Release|Any CPU = Release|Any CPU
		Test1|Any CPU = Test1|Any CPU
		VGR|Any CPU = VGR|Any CPU
	EndGlobalSection
	GlobalSection(ProjectConfigurationPlatforms) = postSolution
		{504BDA99-040A-41CB-A186-67A306EE7A16}.Debug.Procapita|Any CPU.ActiveCfg = Debug|Any CPU
		{504BDA99-040A-41CB-A186-67A306EE7A16}.Debug.Procapita|Any CPU.Build.0 = Debug|Any CPU
		{504BDA99-040A-41CB-A186-67A306EE7A16}.Debug|Any CPU.ActiveCfg = Debug|Any CPU
		{504BDA99-040A-41CB-A186-67A306EE7A16}.Debug|Any CPU.Build.0 = Debug|Any CPU
		{504BDA99-040A-41CB-A186-67A306EE7A16}.Procapita|Any CPU.ActiveCfg = Release|Any CPU
		{504BDA99-040A-41CB-A186-67A306EE7A16}.Procapita|Any CPU.Build.0 = Release|Any CPU
		{504BDA99-040A-41CB-A186-67A306EE7A16}.Release|Any CPU.ActiveCfg = Release|Any CPU
		{504BDA99-040A-41CB-A186-67A306EE7A16}.Release|Any CPU.Build.0 = Release|Any CPU
		{504BDA99-040A-41CB-A186-67A306EE7A16}.Test1|Any CPU.ActiveCfg = Release|Any CPU
		{504BDA99-040A-41CB-A186-67A306EE7A16}.Test1|Any CPU.Build.0 = Release|Any CPU
		{504BDA99-040A-41CB-A186-67A306EE7A16}.VGR|Any CPU.ActiveCfg = Release|Any CPU
		{504BDA99-040A-41CB-A186-67A306EE7A16}.VGR|Any CPU.Build.0 = Release|Any CPU
		{D8CEFDAD-9109-4676-AC60-44428404049B}.Debug.Procapita|Any CPU.ActiveCfg = Debug.Procapita|Any CPU
		{D8CEFDAD-9109-4676-AC60-44428404049B}.Debug.Procapita|Any CPU.Build.0 = Debug.Procapita|Any CPU
		{D8CEFDAD-9109-4676-AC60-44428404049B}.Debug|Any CPU.ActiveCfg = Debug|Any CPU
		{D8CEFDAD-9109-4676-AC60-44428404049B}.Debug|Any CPU.Build.0 = Debug|Any CPU
		{D8CEFDAD-9109-4676-AC60-44428404049B}.Procapita|Any CPU.ActiveCfg = Procapita|Any CPU
		{D8CEFDAD-9109-4676-AC60-44428404049B}.Procapita|Any CPU.Build.0 = Procapita|Any CPU
		{D8CEFDAD-9109-4676-AC60-44428404049B}.Release|Any CPU.ActiveCfg = Release|Any CPU
		{D8CEFDAD-9109-4676-AC60-44428404049B}.Release|Any CPU.Build.0 = Release|Any CPU
		{D8CEFDAD-9109-4676-AC60-44428404049B}.Test1|Any CPU.ActiveCfg = Test1|Any CPU
		{D8CEFDAD-9109-4676-AC60-44428404049B}.Test1|Any CPU.Build.0 = Test1|Any CPU
		{D8CEFDAD-9109-4676-AC60-44428404049B}.VGR|Any CPU.ActiveCfg = VGR|Any CPU
		{D8CEFDAD-9109-4676-AC60-44428404049B}.VGR|Any CPU.Build.0 = VGR|Any CPU
		{36662D3E-7FF8-4C6E-937B-8409AC46CE6B}.Debug.Procapita|Any CPU.ActiveCfg = Debug|Any CPU
		{36662D3E-7FF8-4C6E-937B-8409AC46CE6B}.Debug.Procapita|Any CPU.Build.0 = Debug|Any CPU
		{36662D3E-7FF8-4C6E-937B-8409AC46CE6B}.Debug|Any CPU.ActiveCfg = Release|Any CPU
		{36662D3E-7FF8-4C6E-937B-8409AC46CE6B}.Debug|Any CPU.Build.0 = Release|Any CPU
		{36662D3E-7FF8-4C6E-937B-8409AC46CE6B}.Procapita|Any CPU.ActiveCfg = Release|Any CPU
		{36662D3E-7FF8-4C6E-937B-8409AC46CE6B}.Procapita|Any CPU.Build.0 = Release|Any CPU
		{36662D3E-7FF8-4C6E-937B-8409AC46CE6B}.Release|Any CPU.ActiveCfg = Release|Any CPU
		{36662D3E-7FF8-4C6E-937B-8409AC46CE6B}.Release|Any CPU.Build.0 = Release|Any CPU
		{36662D3E-7FF8-4C6E-937B-8409AC46CE6B}.Test1|Any CPU.ActiveCfg = Release|Any CPU
		{36662D3E-7FF8-4C6E-937B-8409AC46CE6B}.Test1|Any CPU.Build.0 = Release|Any CPU
		{36662D3E-7FF8-4C6E-937B-8409AC46CE6B}.VGR|Any CPU.ActiveCfg = Release|Any CPU
		{36662D3E-7FF8-4C6E-937B-8409AC46CE6B}.VGR|Any CPU.Build.0 = Release|Any CPU
		{56BD6C75-7235-4725-9644-5AB77D3480D4}.Debug.Procapita|Any CPU.ActiveCfg = Debug.Procapita|Any CPU
		{56BD6C75-7235-4725-9644-5AB77D3480D4}.Debug|Any CPU.ActiveCfg = Debug|Any CPU
		{56BD6C75-7235-4725-9644-5AB77D3480D4}.Procapita|Any CPU.ActiveCfg = Procapita|Any CPU
		{56BD6C75-7235-4725-9644-5AB77D3480D4}.Release|Any CPU.ActiveCfg = Release|Any CPU
		{56BD6C75-7235-4725-9644-5AB77D3480D4}.Test1|Any CPU.ActiveCfg = Test1|Any CPU
		{56BD6C75-7235-4725-9644-5AB77D3480D4}.VGR|Any CPU.ActiveCfg = VGR|Any CPU
		{C68E37EC-BD49-4DE0-85F5-4406DF244DE2}.Debug.Procapita|Any CPU.ActiveCfg = Debug.Procapita|Any CPU
		{C68E37EC-BD49-4DE0-85F5-4406DF244DE2}.Debug|Any CPU.ActiveCfg = Debug|Any CPU
		{C68E37EC-BD49-4DE0-85F5-4406DF244DE2}.Procapita|Any CPU.ActiveCfg = Procapita|Any CPU
		{C68E37EC-BD49-4DE0-85F5-4406DF244DE2}.Release|Any CPU.ActiveCfg = Release|Any CPU
		{C68E37EC-BD49-4DE0-85F5-4406DF244DE2}.Test1|Any CPU.ActiveCfg = Test1|Any CPU
		{C68E37EC-BD49-4DE0-85F5-4406DF244DE2}.VGR|Any CPU.ActiveCfg = VGR|Any CPU
		{66ED6BAF-7B95-486D-B2EC-4C21C59B53AA}.Debug.Procapita|Any CPU.ActiveCfg = Debug|x86
		{66ED6BAF-7B95-486D-B2EC-4C21C59B53AA}.Debug.Procapita|Any CPU.Build.0 = Debug|x86
		{66ED6BAF-7B95-486D-B2EC-4C21C59B53AA}.Debug|Any CPU.ActiveCfg = Debug|x86
		{66ED6BAF-7B95-486D-B2EC-4C21C59B53AA}.Debug|Any CPU.Build.0 = Debug|x86
		{66ED6BAF-7B95-486D-B2EC-4C21C59B53AA}.Procapita|Any CPU.ActiveCfg = Release|x86
		{66ED6BAF-7B95-486D-B2EC-4C21C59B53AA}.Procapita|Any CPU.Build.0 = Release|x86
		{66ED6BAF-7B95-486D-B2EC-4C21C59B53AA}.Release|Any CPU.ActiveCfg = Release|x86
		{66ED6BAF-7B95-486D-B2EC-4C21C59B53AA}.Release|Any CPU.Build.0 = Release|x86
		{66ED6BAF-7B95-486D-B2EC-4C21C59B53AA}.Test1|Any CPU.ActiveCfg = Release|x86
		{66ED6BAF-7B95-486D-B2EC-4C21C59B53AA}.Test1|Any CPU.Build.0 = Release|x86
		{66ED6BAF-7B95-486D-B2EC-4C21C59B53AA}.VGR|Any CPU.ActiveCfg = Release|x86
		{66ED6BAF-7B95-486D-B2EC-4C21C59B53AA}.VGR|Any CPU.Build.0 = Release|x86
	EndGlobalSection
	GlobalSection(SolutionProperties) = preSolution
		HideSolutionNode = FALSE
	EndGlobalSection
	GlobalSection(ExtensibilityGlobals) = postSolution
		SolutionGuid = {3CDBEC4B-218D-41A5-905E-0DAED533D43F}
	EndGlobalSection
EndGlobal
