Microsoft Visual Studio Solution File, Format Version 12.00
# Visual Studio 14
VisualStudioVersion = 14.0.25420.1
MinimumVisualStudioVersion = 10.0.40219.1
Project("{F184B08F-C81C-45F6-A57F-5ABD9991F28F}") = "ExorLive.Desktop", "ExorLive.Desktop\ExorLive.Desktop.vbproj", "{504BDA99-040A-41CB-A186-67A306EE7A16}"
EndProject
Project("{FAE04EC0-301F-11D3-BF4B-00C04F79EFBC}") = "ExorLive.Client.WebWrapper", "ExorLive.Client.WebWrapper\ExorLive.Client.WebWrapper.csproj", "{D8CEFDAD-9109-4676-AC60-44428404049B}"
EndProject
Project("{FAE04EC0-301F-11D3-BF4B-00C04F79EFBC}") = "Webpage", "Webpage\Webpage.csproj", "{36662D3E-7FF8-4C6E-937B-8409AC46CE6B}"
	ProjectSection(ProjectDependencies) = postProject
		{085B871F-12F1-410B-8674-1624CC79E77F} = {085B871F-12F1-410B-8674-1624CC79E77F}
	EndProjectSection
EndProject
Project("{6141683F-8A12-4E36-9623-2EB02B2C2303}") = "InstallShield", "InstallShield\InstallShield.isproj", "{085B871F-12F1-410B-8674-1624CC79E77F}"
	ProjectSection(ProjectDependencies) = postProject
		{D8CEFDAD-9109-4676-AC60-44428404049B} = {D8CEFDAD-9109-4676-AC60-44428404049B}
	EndProjectSection
EndProject
Project("{2150E333-8FDC-42A3-9474-1A3956D46DE8}") = "Solution Items", "Solution Items", "{7DEA7ACB-2867-44A2-B990-946300CB2C82}"
	ProjectSection(SolutionItems) = preProject
		Readme.md = Readme.md
	EndProjectSection
EndProject
Project("{FAE04EC0-301F-11D3-BF4B-00C04F79EFBC}") = "ExorLiveNamedPipeSampleClient", "ExorLiveNamedPipeSampleClient\ExorLiveNamedPipeSampleClient.csproj", "{56BD6C75-7235-4725-9644-5AB77D3480D4}"
EndProject
Project("{FAE04EC0-301F-11D3-BF4B-00C04F79EFBC}") = "NamedPipeTestServer", "NamedPipeTestServer\NamedPipeTestServer.csproj", "{C68E37EC-BD49-4DE0-85F5-4406DF244DE2}"
EndProject
Global
	GlobalSection(SolutionConfigurationPlatforms) = preSolution
		Debug.Procapita|Any CPU = Debug.Procapita|Any CPU
		Debug.Procapita|x86 = Debug.Procapita|x86
		Debug|Any CPU = Debug|Any CPU
		Debug|x86 = Debug|x86
		Procapita|Any CPU = Procapita|Any CPU
		Procapita|x86 = Procapita|x86
		Release|Any CPU = Release|Any CPU
		Release|x86 = Release|x86
	EndGlobalSection
	GlobalSection(ProjectConfigurationPlatforms) = postSolution
		{504BDA99-040A-41CB-A186-67A306EE7A16}.Debug.Procapita|Any CPU.ActiveCfg = Debug.Procapita|Any CPU
		{504BDA99-040A-41CB-A186-67A306EE7A16}.Debug.Procapita|Any CPU.Build.0 = Debug.Procapita|Any CPU
		{504BDA99-040A-41CB-A186-67A306EE7A16}.Debug.Procapita|x86.ActiveCfg = Debug.Procapita|x86
		{504BDA99-040A-41CB-A186-67A306EE7A16}.Debug.Procapita|x86.Build.0 = Debug.Procapita|x86
		{504BDA99-040A-41CB-A186-67A306EE7A16}.Debug|Any CPU.ActiveCfg = Debug|Any CPU
		{504BDA99-040A-41CB-A186-67A306EE7A16}.Debug|Any CPU.Build.0 = Debug|Any CPU
		{504BDA99-040A-41CB-A186-67A306EE7A16}.Debug|x86.ActiveCfg = Debug|x86
		{504BDA99-040A-41CB-A186-67A306EE7A16}.Debug|x86.Build.0 = Debug|x86
		{504BDA99-040A-41CB-A186-67A306EE7A16}.Debug|x86.Deploy.0 = Debug|x86
		{504BDA99-040A-41CB-A186-67A306EE7A16}.Procapita|Any CPU.ActiveCfg = Procapita|Any CPU
		{504BDA99-040A-41CB-A186-67A306EE7A16}.Procapita|Any CPU.Build.0 = Procapita|Any CPU
		{504BDA99-040A-41CB-A186-67A306EE7A16}.Procapita|x86.ActiveCfg = Procapita|x86
		{504BDA99-040A-41CB-A186-67A306EE7A16}.Procapita|x86.Build.0 = Procapita|x86
		{504BDA99-040A-41CB-A186-67A306EE7A16}.Release|Any CPU.ActiveCfg = Release|Any CPU
		{504BDA99-040A-41CB-A186-67A306EE7A16}.Release|Any CPU.Build.0 = Release|Any CPU
		{504BDA99-040A-41CB-A186-67A306EE7A16}.Release|x86.ActiveCfg = Release|x86
		{504BDA99-040A-41CB-A186-67A306EE7A16}.Release|x86.Build.0 = Release|x86
		{D8CEFDAD-9109-4676-AC60-44428404049B}.Debug.Procapita|Any CPU.ActiveCfg = Debug.Procapita|Any CPU
		{D8CEFDAD-9109-4676-AC60-44428404049B}.Debug.Procapita|Any CPU.Build.0 = Debug.Procapita|Any CPU
		{D8CEFDAD-9109-4676-AC60-44428404049B}.Debug.Procapita|x86.ActiveCfg = Debug.Procapita|x86
		{D8CEFDAD-9109-4676-AC60-44428404049B}.Debug.Procapita|x86.Build.0 = Debug.Procapita|x86
		{D8CEFDAD-9109-4676-AC60-44428404049B}.Debug|Any CPU.ActiveCfg = Debug|Any CPU
		{D8CEFDAD-9109-4676-AC60-44428404049B}.Debug|Any CPU.Build.0 = Debug|Any CPU
		{D8CEFDAD-9109-4676-AC60-44428404049B}.Debug|x86.ActiveCfg = Debug|x86
		{D8CEFDAD-9109-4676-AC60-44428404049B}.Debug|x86.Build.0 = Debug|x86
		{D8CEFDAD-9109-4676-AC60-44428404049B}.Debug|x86.Deploy.0 = Debug|x86
		{D8CEFDAD-9109-4676-AC60-44428404049B}.Procapita|Any CPU.ActiveCfg = Procapita|Any CPU
		{D8CEFDAD-9109-4676-AC60-44428404049B}.Procapita|Any CPU.Build.0 = Procapita|Any CPU
		{D8CEFDAD-9109-4676-AC60-44428404049B}.Procapita|x86.ActiveCfg = Procapita|x86
		{D8CEFDAD-9109-4676-AC60-44428404049B}.Procapita|x86.Build.0 = Procapita|x86
		{D8CEFDAD-9109-4676-AC60-44428404049B}.Release|Any CPU.ActiveCfg = Release|Any CPU
		{D8CEFDAD-9109-4676-AC60-44428404049B}.Release|Any CPU.Build.0 = Release|Any CPU
		{D8CEFDAD-9109-4676-AC60-44428404049B}.Release|x86.ActiveCfg = Release|x86
		{D8CEFDAD-9109-4676-AC60-44428404049B}.Release|x86.Build.0 = Release|x86
		{36662D3E-7FF8-4C6E-937B-8409AC46CE6B}.Debug.Procapita|Any CPU.ActiveCfg = Debug.Procapita|Any CPU
		{36662D3E-7FF8-4C6E-937B-8409AC46CE6B}.Debug.Procapita|Any CPU.Build.0 = Debug.Procapita|Any CPU
		{36662D3E-7FF8-4C6E-937B-8409AC46CE6B}.Debug.Procapita|x86.ActiveCfg = Debug.Procapita|x86
		{36662D3E-7FF8-4C6E-937B-8409AC46CE6B}.Debug.Procapita|x86.Build.0 = Debug.Procapita|x86
		{36662D3E-7FF8-4C6E-937B-8409AC46CE6B}.Debug|Any CPU.ActiveCfg = Debug|Any CPU
		{36662D3E-7FF8-4C6E-937B-8409AC46CE6B}.Debug|Any CPU.Build.0 = Debug|Any CPU
		{36662D3E-7FF8-4C6E-937B-8409AC46CE6B}.Debug|x86.ActiveCfg = Debug|x86
		{36662D3E-7FF8-4C6E-937B-8409AC46CE6B}.Debug|x86.Build.0 = Debug|x86
		{36662D3E-7FF8-4C6E-937B-8409AC46CE6B}.Procapita|Any CPU.ActiveCfg = Procapita|Any CPU
		{36662D3E-7FF8-4C6E-937B-8409AC46CE6B}.Procapita|Any CPU.Build.0 = Procapita|Any CPU
		{36662D3E-7FF8-4C6E-937B-8409AC46CE6B}.Procapita|x86.ActiveCfg = Procapita|x86
		{36662D3E-7FF8-4C6E-937B-8409AC46CE6B}.Procapita|x86.Build.0 = Procapita|x86
		{36662D3E-7FF8-4C6E-937B-8409AC46CE6B}.Release|Any CPU.ActiveCfg = Release|Any CPU
		{36662D3E-7FF8-4C6E-937B-8409AC46CE6B}.Release|Any CPU.Build.0 = Release|Any CPU
		{36662D3E-7FF8-4C6E-937B-8409AC46CE6B}.Release|x86.ActiveCfg = Release|x86
		{36662D3E-7FF8-4C6E-937B-8409AC46CE6B}.Release|x86.Build.0 = Release|x86
		{085B871F-12F1-410B-8674-1624CC79E77F}.Debug.Procapita|Any CPU.ActiveCfg = SingleImage
		{085B871F-12F1-410B-8674-1624CC79E77F}.Debug.Procapita|Any CPU.Build.0 = SingleImage
		{085B871F-12F1-410B-8674-1624CC79E77F}.Debug.Procapita|x86.ActiveCfg = SingleImage
		{085B871F-12F1-410B-8674-1624CC79E77F}.Debug|Any CPU.ActiveCfg = SingleImage
		{085B871F-12F1-410B-8674-1624CC79E77F}.Debug|Any CPU.Build.0 = SingleImage
		{085B871F-12F1-410B-8674-1624CC79E77F}.Debug|x86.ActiveCfg = SingleImage
		{085B871F-12F1-410B-8674-1624CC79E77F}.Debug|x86.Build.0 = SingleImage
		{085B871F-12F1-410B-8674-1624CC79E77F}.Procapita|Any CPU.ActiveCfg = SingleImage
		{085B871F-12F1-410B-8674-1624CC79E77F}.Procapita|Any CPU.Build.0 = SingleImage
		{085B871F-12F1-410B-8674-1624CC79E77F}.Procapita|x86.ActiveCfg = SingleImage
		{085B871F-12F1-410B-8674-1624CC79E77F}.Release|Any CPU.ActiveCfg = SingleImage
		{085B871F-12F1-410B-8674-1624CC79E77F}.Release|Any CPU.Build.0 = SingleImage
		{085B871F-12F1-410B-8674-1624CC79E77F}.Release|x86.ActiveCfg = SingleImage
		{085B871F-12F1-410B-8674-1624CC79E77F}.Release|x86.Build.0 = SingleImage
		{56BD6C75-7235-4725-9644-5AB77D3480D4}.Debug.Procapita|Any CPU.ActiveCfg = Debug.Procapita|Any CPU
		{56BD6C75-7235-4725-9644-5AB77D3480D4}.Debug.Procapita|Any CPU.Build.0 = Debug.Procapita|Any CPU
		{56BD6C75-7235-4725-9644-5AB77D3480D4}.Debug.Procapita|x86.ActiveCfg = Debug.Procapita|Any CPU
		{56BD6C75-7235-4725-9644-5AB77D3480D4}.Debug.Procapita|x86.Build.0 = Debug.Procapita|Any CPU
		{56BD6C75-7235-4725-9644-5AB77D3480D4}.Debug|Any CPU.ActiveCfg = Debug|Any CPU
		{56BD6C75-7235-4725-9644-5AB77D3480D4}.Debug|Any CPU.Build.0 = Debug|Any CPU
		{56BD6C75-7235-4725-9644-5AB77D3480D4}.Debug|x86.ActiveCfg = Debug|Any CPU
		{56BD6C75-7235-4725-9644-5AB77D3480D4}.Debug|x86.Build.0 = Debug|Any CPU
		{56BD6C75-7235-4725-9644-5AB77D3480D4}.Procapita|Any CPU.ActiveCfg = Procapita|Any CPU
		{56BD6C75-7235-4725-9644-5AB77D3480D4}.Procapita|Any CPU.Build.0 = Procapita|Any CPU
		{56BD6C75-7235-4725-9644-5AB77D3480D4}.Procapita|x86.ActiveCfg = Procapita|Any CPU
		{56BD6C75-7235-4725-9644-5AB77D3480D4}.Procapita|x86.Build.0 = Procapita|Any CPU
		{56BD6C75-7235-4725-9644-5AB77D3480D4}.Release|Any CPU.ActiveCfg = Release|Any CPU
		{56BD6C75-7235-4725-9644-5AB77D3480D4}.Release|Any CPU.Build.0 = Release|Any CPU
		{56BD6C75-7235-4725-9644-5AB77D3480D4}.Release|x86.ActiveCfg = Release|Any CPU
		{C68E37EC-BD49-4DE0-85F5-4406DF244DE2}.Debug.Procapita|Any CPU.ActiveCfg = Debug.Procapita|Any CPU
		{C68E37EC-BD49-4DE0-85F5-4406DF244DE2}.Debug.Procapita|Any CPU.Build.0 = Debug.Procapita|Any CPU
		{C68E37EC-BD49-4DE0-85F5-4406DF244DE2}.Debug.Procapita|x86.ActiveCfg = Debug.Procapita|Any CPU
		{C68E37EC-BD49-4DE0-85F5-4406DF244DE2}.Debug.Procapita|x86.Build.0 = Debug.Procapita|Any CPU
		{C68E37EC-BD49-4DE0-85F5-4406DF244DE2}.Debug|Any CPU.ActiveCfg = Debug|Any CPU
		{C68E37EC-BD49-4DE0-85F5-4406DF244DE2}.Debug|Any CPU.Build.0 = Debug|Any CPU
		{C68E37EC-BD49-4DE0-85F5-4406DF244DE2}.Debug|x86.ActiveCfg = Debug|Any CPU
		{C68E37EC-BD49-4DE0-85F5-4406DF244DE2}.Procapita|Any CPU.ActiveCfg = Procapita|Any CPU
		{C68E37EC-BD49-4DE0-85F5-4406DF244DE2}.Procapita|Any CPU.Build.0 = Procapita|Any CPU
		{C68E37EC-BD49-4DE0-85F5-4406DF244DE2}.Procapita|x86.ActiveCfg = Procapita|Any CPU
		{C68E37EC-BD49-4DE0-85F5-4406DF244DE2}.Procapita|x86.Build.0 = Procapita|Any CPU
		{C68E37EC-BD49-4DE0-85F5-4406DF244DE2}.Release|Any CPU.ActiveCfg = Release|Any CPU
		{C68E37EC-BD49-4DE0-85F5-4406DF244DE2}.Release|Any CPU.Build.0 = Release|Any CPU
		{C68E37EC-BD49-4DE0-85F5-4406DF244DE2}.Release|x86.ActiveCfg = Release|Any CPU
		{C68E37EC-BD49-4DE0-85F5-4406DF244DE2}.Release|x86.Build.0 = Release|Any CPU
	EndGlobalSection
	GlobalSection(SolutionProperties) = preSolution
		HideSolutionNode = FALSE
	EndGlobalSection
EndGlobal
